// !$*UTF8*$!
{
	archiveVersion = 1;
	classes = {
	};
	objectVersion = 77;
	objects = {

/* Begin PBXContainerItemProxy section */
		140EFE752E3CBC92007EA9DE /* PBXContainerItemProxy */ = {
			isa = PBXContainerItemProxy;
			containerPortal = 140EFE5F2E3CBC91007EA9DE /* Project object */;
			proxyType = 1;
			remoteGlobalIDString = 140EFE662E3CBC91007EA9DE;
			remoteInfo = DailyQuiz;
		};
		140EFE7F2E3CBC92007EA9DE /* PBXContainerItemProxy */ = {
			isa = PBXContainerItemProxy;
			containerPortal = 140EFE5F2E3CBC91007EA9DE /* Project object */;
			proxyType = 1;
			remoteGlobalIDString = 140EFE662E3CBC91007EA9DE;
			remoteInfo = DailyQuiz;
		};
/* End PBXContainerItemProxy section */

/* Begin PBXFileReference section */
		140EFE672E3CBC91007EA9DE /* DailyQuiz.app */ = {isa = PBXFileReference; explicitFileType = wrapper.application; includeInIndex = 0; path = DailyQuiz.app; sourceTree = BUILT_PRODUCTS_DIR; };
		140EFE742E3CBC92007EA9DE /* DailyQuizTests.xctest */ = {isa = PBXFileReference; explicitFileType = wrapper.cfbundle; includeInIndex = 0; path = DailyQuizTests.xctest; sourceTree = BUILT_PRODUCTS_DIR; };
		140EFE7E2E3CBC92007EA9DE /* DailyQuizUITests.xctest */ = {isa = PBXFileReference; explicitFileType = wrapper.cfbundle; includeInIndex = 0; path = DailyQuizUITests.xctest; sourceTree = BUILT_PRODUCTS_DIR; };
/* End PBXFileReference section */

/* Begin PBXFileSystemSynchronizedRootGroup section */
		140EFE692E3CBC91007EA9DE /* DailyQuiz */ = {
			isa = PBXFileSystemSynchronizedRootGroup;
			path = DailyQuiz;
			sourceTree = "<group>";
		};
		140EFE772E3CBC92007EA9DE /* DailyQuizTests */ = {
			isa = PBXFileSystemSynchronizedRootGroup;
			path = DailyQuizTests;
			sourceTree = "<group>";
		};
		140EFE812E3CBC92007EA9DE /* DailyQuizUITests */ = {
			isa = PBXFileSystemSynchronizedRootGroup;
			path = DailyQuizUITests;
			sourceTree = "<group>";
		};
/* End PBXFileSystemSynchronizedRootGroup section */

/* Begin PBXFrameworksBuildPhase section */
		140EFE642E3CBC91007EA9DE /* Frameworks */ = {
			isa = PBXFrameworksBuildPhase;
			buildActionMask = 2147483647;
			files = (
			);
			runOnlyForDeploymentPostprocessing = 0;
		};
		140EFE712E3CBC92007EA9DE /* Frameworks */ = {
			isa = PBXFrameworksBuildPhase;
			buildActionMask = 2147483647;
			files = (
			);
			runOnlyForDeploymentPostprocessing = 0;
		};
		140EFE7B2E3CBC92007EA9DE /* Frameworks */ = {
			isa = PBXFrameworksBuildPhase;
			buildActionMask = 2147483647;
			files = (
			);
			runOnlyForDeploymentPostprocessing = 0;
		};
/* End PBXFrameworksBuildPhase section */

/* Begin PBXGroup section */
		140EFE5E2E3CBC91007EA9DE = {
			isa = PBXGroup;
			children = (
				140EFE692E3CBC91007EA9DE /* DailyQuiz */,
				140EFE772E3CBC92007EA9DE /* DailyQuizTests */,
				140EFE812E3CBC92007EA9DE /* DailyQuizUITests */,
				140EFE682E3CBC91007EA9DE /* Products */,
			);
			sourceTree = "<group>";
		};
		140EFE682E3CBC91007EA9DE /* Products */ = {
			isa = PBXGroup;
			children = (
				140EFE672E3CBC91007EA9DE /* DailyQuiz.app */,
				140EFE742E3CBC92007EA9DE /* DailyQuizTests.xctest */,
				140EFE7E2E3CBC92007EA9DE /* DailyQuizUITests.xctest */,
			);
			name = Products;
			sourceTree = "<group>";
		};
/* End PBXGroup section */

/* Begin PBXNativeTarget section */
		140EFE662E3CBC91007EA9DE /* DailyQuiz */ = {
			isa = PBXNativeTarget;
			buildConfigurationList = 140EFE882E3CBC92007EA9DE /* Build configuration list for PBXNativeTarget "DailyQuiz" */;
			buildPhases = (
				140EFE632E3CBC91007EA9DE /* Sources */,
				140EFE642E3CBC91007EA9DE /* Frameworks */,
				140EFE652E3CBC91007EA9DE /* Resources */,
			);
			buildRules = (
			);
			dependencies = (
			);
			fileSystemSynchronizedGroups = (
				140EFE692E3CBC91007EA9DE /* DailyQuiz */,
			);
			name = DailyQuiz;
			packageProductDependencies = (
			);
			productName = DailyQuiz;
			productReference = 140EFE672E3CBC91007EA9DE /* DailyQuiz.app */;
			productType = "com.apple.product-type.application";
		};
		140EFE732E3CBC92007EA9DE /* DailyQuizTests */ = {
			isa = PBXNativeTarget;
			buildConfigurationList = 140EFE8B2E3CBC92007EA9DE /* Build configuration list for PBXNativeTarget "DailyQuizTests" */;
			buildPhases = (
				140EFE702E3CBC92007EA9DE /* Sources */,
				140EFE712E3CBC92007EA9DE /* Frameworks */,
				140EFE722E3CBC92007EA9DE /* Resources */,
			);
			buildRules = (
			);
			dependencies = (
				140EFE762E3CBC92007EA9DE /* PBXTargetDependency */,
			);
			fileSystemSynchronizedGroups = (
				140EFE772E3CBC92007EA9DE /* DailyQuizTests */,
			);
			name = DailyQuizTests;
			packageProductDependencies = (
			);
			productName = DailyQuizTests;
			productReference = 140EFE742E3CBC92007EA9DE /* DailyQuizTests.xctest */;
			productType = "com.apple.product-type.bundle.unit-test";
		};
		140EFE7D2E3CBC92007EA9DE /* DailyQuizUITests */ = {
			isa = PBXNativeTarget;
			buildConfigurationList = 140EFE8E2E3CBC92007EA9DE /* Build configuration list for PBXNativeTarget "DailyQuizUITests" */;
			buildPhases = (
				140EFE7A2E3CBC92007EA9DE /* Sources */,
				140EFE7B2E3CBC92007EA9DE /* Frameworks */,
				140EFE7C2E3CBC92007EA9DE /* Resources */,
			);
			buildRules = (
			);
			dependencies = (
				140EFE802E3CBC92007EA9DE /* PBXTargetDependency */,
			);
			fileSystemSynchronizedGroups = (
				140EFE812E3CBC92007EA9DE /* DailyQuizUITests */,
			);
			name = DailyQuizUITests;
			packageProductDependencies = (
			);
			productName = DailyQuizUITests;
			productReference = 140EFE7E2E3CBC92007EA9DE /* DailyQuizUITests.xctest */;
			productType = "com.apple.product-type.bundle.ui-testing";
		};
/* End PBXNativeTarget section */

/* Begin PBXProject section */
		140EFE5F2E3CBC91007EA9DE /* Project object */ = {
			isa = PBXProject;
			attributes = {
				BuildIndependentTargetsInParallel = 1;
				LastSwiftUpdateCheck = 1630;
				LastUpgradeCheck = 1630;
				TargetAttributes = {
					140EFE662E3CBC91007EA9DE = {
						CreatedOnToolsVersion = 16.3;
					};
					140EFE732E3CBC92007EA9DE = {
						CreatedOnToolsVersion = 16.3;
						TestTargetID = 140EFE662E3CBC91007EA9DE;
					};
					140EFE7D2E3CBC92007EA9DE = {
						CreatedOnToolsVersion = 16.3;
						TestTargetID = 140EFE662E3CBC91007EA9DE;
					};
				};
			};
			buildConfigurationList = 140EFE622E3CBC91007EA9DE /* Build configuration list for PBXProject "DailyQuiz" */;
			developmentRegion = en;
			hasScannedForEncodings = 0;
			knownRegions = (
				en,
				Base,
			);
			mainGroup = 140EFE5E2E3CBC91007EA9DE;
			minimizedProjectReferenceProxies = 1;
			preferredProjectObjectVersion = 77;
			productRefGroup = 140EFE682E3CBC91007EA9DE /* Products */;
			projectDirPath = "";
			projectRoot = "";
			targets = (
				140EFE662E3CBC91007EA9DE /* DailyQuiz */,
				140EFE732E3CBC92007EA9DE /* DailyQuizTests */,
				140EFE7D2E3CBC92007EA9DE /* DailyQuizUITests */,
			);
		};
/* End PBXProject section */

/* Begin PBXResourcesBuildPhase section */
		140EFE652E3CBC91007EA9DE /* Resources */ = {
			isa = PBXResourcesBuildPhase;
			buildActionMask = 2147483647;
			files = (
			);
			runOnlyForDeploymentPostprocessing = 0;
		};
		140EFE722E3CBC92007EA9DE /* Resources */ = {
			isa = PBXResourcesBuildPhase;
			buildActionMask = 2147483647;
			files = (
			);
			runOnlyForDeploymentPostprocessing = 0;
		};
		140EFE7C2E3CBC92007EA9DE /* Resources */ = {
			isa = PBXResourcesBuildPhase;
			buildActionMask = 2147483647;
			files = (
			);
			runOnlyForDeploymentPostprocessing = 0;
		};
/* End PBXResourcesBuildPhase section */

/* Begin PBXSourcesBuildPhase section */
		140EFE632E3CBC91007EA9DE /* Sources */ = {
			isa = PBXSourcesBuildPhase;
			buildActionMask = 2147483647;
			files = (
			);
			runOnlyForDeploymentPostprocessing = 0;
		};
		140EFE702E3CBC92007EA9DE /* Sources */ = {
			isa = PBXSourcesBuildPhase;
			buildActionMask = 2147483647;
			files = (
			);
			runOnlyForDeploymentPostprocessing = 0;
		};
		140EFE7A2E3CBC92007EA9DE /* Sources */ = {
			isa = PBXSourcesBuildPhase;
			buildActionMask = 2147483647;
			files = (
			);
			runOnlyForDeploymentPostprocessing = 0;
		};
/* End PBXSourcesBuildPhase section */

/* Begin PBXTargetDependency section */
		140EFE762E3CBC92007EA9DE /* PBXTargetDependency */ = {
			isa = PBXTargetDependency;
			target = 140EFE662E3CBC91007EA9DE /* DailyQuiz */;
			targetProxy = 140EFE752E3CBC92007EA9DE /* PBXContainerItemProxy */;
		};
		140EFE802E3CBC92007EA9DE /* PBXTargetDependency */ = {
			isa = PBXTargetDependency;
			target = 140EFE662E3CBC91007EA9DE /* DailyQuiz */;
			targetProxy = 140EFE7F2E3CBC92007EA9DE /* PBXContainerItemProxy */;
		};
/* End PBXTargetDependency section */

/* Begin XCBuildConfiguration section */
		140EFE862E3CBC92007EA9DE /* Debug */ = {
			isa = XCBuildConfiguration;
			buildSettings = {
				ALWAYS_SEARCH_USER_PATHS = NO;
				ASSETCATALOG_COMPILER_GENERATE_SWIFT_ASSET_SYMBOL_EXTENSIONS = YES;
				CLANG_ANALYZER_NONNULL = YES;
				CLANG_ANALYZER_NUMBER_OBJECT_CONVERSION = YES_AGGRESSIVE;
				CLANG_CXX_LANGUAGE_STANDARD = "gnu++20";
				CLANG_ENABLE_MODULES = YES;
				CLANG_ENABLE_OBJC_ARC = YES;
				CLANG_ENABLE_OBJC_WEAK = YES;
				CLANG_WARN_BLOCK_CAPTURE_AUTORELEASING = YES;
				CLANG_WARN_BOOL_CONVERSION = YES;
				CLANG_WARN_COMMA = YES;
				CLANG_WARN_CONSTANT_CONVERSION = YES;
				CLANG_WARN_DEPRECATED_OBJC_IMPLEMENTATIONS = YES;
				CLANG_WARN_DIRECT_OBJC_ISA_USAGE = YES_ERROR;
				CLANG_WARN_DOCUMENTATION_COMMENTS = YES;
				CLANG_WARN_EMPTY_BODY = YES;
				CLANG_WARN_ENUM_CONVERSION = YES;
				CLANG_WARN_INFINITE_RECURSION = YES;
				CLANG_WARN_INT_CONVERSION = YES;
				CLANG_WARN_NON_LITERAL_NULL_CONVERSION = YES;
				CLANG_WARN_OBJC_IMPLICIT_RETAIN_SELF = YES;
				CLANG_WARN_OBJC_LITERAL_CONVERSION = YES;
				CLANG_WARN_OBJC_ROOT_CLASS = YES_ERROR;
				CLANG_WARN_QUOTED_INCLUDE_IN_FRAMEWORK_HEADER = YES;
				CLANG_WARN_RANGE_LOOP_ANALYSIS = YES;
				CLANG_WARN_STRICT_PROTOTYPES = YES;
				CLANG_WARN_SUSPICIOUS_MOVE = YES;
				CLANG_WARN_UNGUARDED_AVAILABILITY = YES_AGGRESSIVE;
				CLANG_WARN_UNREACHABLE_CODE = YES;
				CLANG_WARN__DUPLICATE_METHOD_MATCH = YES;
				COPY_PHASE_STRIP = NO;
				DEBUG_INFORMATION_FORMAT = dwarf;
				DEVELOPMENT_TEAM = 445TH93K8F;
				ENABLE_STRICT_OBJC_MSGSEND = YES;
				ENABLE_TESTABILITY = YES;
				ENABLE_USER_SCRIPT_SANDBOXING = YES;
				GCC_C_LANGUAGE_STANDARD = gnu17;
				GCC_DYNAMIC_NO_PIC = NO;
				GCC_NO_COMMON_BLOCKS = YES;
				GCC_OPTIMIZATION_LEVEL = 0;
				GCC_PREPROCESSOR_DEFINITIONS = (
					"DEBUG=1",
					"$(inherited)",
				);
				GCC_WARN_64_TO_32_BIT_CONVERSION = YES;
				GCC_WARN_ABOUT_RETURN_TYPE = YES_ERROR;
				GCC_WARN_UNDECLARED_SELECTOR = YES;
				GCC_WARN_UNINITIALIZED_AUTOS = YES_AGGRESSIVE;
				GCC_WARN_UNUSED_FUNCTION = YES;
				GCC_WARN_UNUSED_VARIABLE = YES;
				IPHONEOS_DEPLOYMENT_TARGET = 18.4;
				LOCALIZATION_PREFERS_STRING_CATALOGS = YES;
				MTL_ENABLE_DEBUG_INFO = INCLUDE_SOURCE;
				MTL_FAST_MATH = YES;
				ONLY_ACTIVE_ARCH = YES;
				SDKROOT = iphoneos;
				SWIFT_ACTIVE_COMPILATION_CONDITIONS = "DEBUG $(inherited)";
				SWIFT_OPTIMIZATION_LEVEL = "-Onone";
			};
			name = Debug;
		};
		140EFE872E3CBC92007EA9DE /* Release */ = {
			isa = XCBuildConfiguration;
			buildSettings = {
				ALWAYS_SEARCH_USER_PATHS = NO;
				ASSETCATALOG_COMPILER_GENERATE_SWIFT_ASSET_SYMBOL_EXTENSIONS = YES;
				CLANG_ANALYZER_NONNULL = YES;
				CLANG_ANALYZER_NUMBER_OBJECT_CONVERSION = YES_AGGRESSIVE;
				CLANG_CXX_LANGUAGE_STANDARD = "gnu++20";
				CLANG_ENABLE_MODULES = YES;
				CLANG_ENABLE_OBJC_ARC = YES;
				CLANG_ENABLE_OBJC_WEAK = YES;
				CLANG_WARN_BLOCK_CAPTURE_AUTORELEASING = YES;
				CLANG_WARN_BOOL_CONVERSION = YES;
				CLANG_WARN_COMMA = YES;
				CLANG_WARN_CONSTANT_CONVERSION = YES;
				CLANG_WARN_DEPRECATED_OBJC_IMPLEMENTATIONS = YES;
				CLANG_WARN_DIRECT_OBJC_ISA_USAGE = YES_ERROR;
				CLANG_WARN_DOCUMENTATION_COMMENTS = YES;
				CLANG_WARN_EMPTY_BODY = YES;
				CLANG_WARN_ENUM_CONVERSION = YES;
				CLANG_WARN_INFINITE_RECURSION = YES;
				CLANG_WARN_INT_CONVERSION = YES;
				CLANG_WARN_NON_LITERAL_NULL_CONVERSION = YES;
				CLANG_WARN_OBJC_IMPLICIT_RETAIN_SELF = YES;
				CLANG_WARN_OBJC_LITERAL_CONVERSION = YES;
				CLANG_WARN_OBJC_ROOT_CLASS = YES_ERROR;
				CLANG_WARN_QUOTED_INCLUDE_IN_FRAMEWORK_HEADER = YES;
				CLANG_WARN_RANGE_LOOP_ANALYSIS = YES;
				CLANG_WARN_STRICT_PROTOTYPES = YES;
				CLANG_WARN_SUSPICIOUS_MOVE = YES;
				CLANG_WARN_UNGUARDED_AVAILABILITY = YES_AGGRESSIVE;
				CLANG_WARN_UNREACHABLE_CODE = YES;
				CLANG_WARN__DUPLICATE_METHOD_MATCH = YES;
				COPY_PHASE_STRIP = NO;
				DEBUG_INFORMATION_FORMAT = "dwarf-with-dsym";
				DEVELOPMENT_TEAM = 445TH93K8F;
				ENABLE_NS_ASSERTIONS = NO;
				ENABLE_STRICT_OBJC_MSGSEND = YES;
				ENABLE_USER_SCRIPT_SANDBOXING = YES;
				GCC_C_LANGUAGE_STANDARD = gnu17;
				GCC_NO_COMMON_BLOCKS = YES;
				GCC_WARN_64_TO_32_BIT_CONVERSION = YES;
				GCC_WARN_ABOUT_RETURN_TYPE = YES_ERROR;
				GCC_WARN_UNDECLARED_SELECTOR = YES;
				GCC_WARN_UNINITIALIZED_AUTOS = YES_AGGRESSIVE;
				GCC_WARN_UNUSED_FUNCTION = YES;
				GCC_WARN_UNUSED_VARIABLE = YES;
				IPHONEOS_DEPLOYMENT_TARGET = 18.4;
				LOCALIZATION_PREFERS_STRING_CATALOGS = YES;
				MTL_ENABLE_DEBUG_INFO = NO;
				MTL_FAST_MATH = YES;
				SDKROOT = iphoneos;
				SWIFT_COMPILATION_MODE = wholemodule;
				VALIDATE_PRODUCT = YES;
			};
			name = Release;
		};
		140EFE892E3CBC92007EA9DE /* Debug */ = {
			isa = XCBuildConfiguration;
			buildSettings = {
				ASSETCATALOG_COMPILER_APPICON_NAME = AppIcon;
				ASSETCATALOG_COMPILER_GLOBAL_ACCENT_COLOR_NAME = AccentColor;
				CODE_SIGN_STYLE = Automatic;
				CURRENT_PROJECT_VERSION = 1;
				DEVELOPMENT_TEAM = 445TH93K8F;
				ENABLE_PREVIEWS = YES;
				GENERATE_INFOPLIST_FILE = YES;
				INFOPLIST_KEY_UIApplicationSceneManifest_Generation = YES;
				INFOPLIST_KEY_UIApplicationSupportsIndirectInputEvents = YES;
				INFOPLIST_KEY_UILaunchScreen_Generation = YES;
				INFOPLIST_KEY_UISupportedInterfaceOrientations_iPad = "UIInterfaceOrientationPortrait UIInterfaceOrientationPortraitUpsideDown UIInterfaceOrientationLandscapeLeft UIInterfaceOrientationLandscapeRight";
				INFOPLIST_KEY_UISupportedInterfaceOrientations_iPhone = "UIInterfaceOrientationPortrait UIInterfaceOrientationLandscapeLeft UIInterfaceOrientationLandscapeRight";
				LD_RUNPATH_SEARCH_PATHS = (
					"$(inherited)",
					"@executable_path/Frameworks",
				);
				MARKETING_VERSION = 1.0;
				PRODUCT_BUNDLE_IDENTIFIER = com.myorganization.DailyQuiz;
				PRODUCT_NAME = "$(TARGET_NAME)";
				SWIFT_EMIT_LOC_STRINGS = YES;
				SWIFT_VERSION = 5.0;
				TARGETED_DEVICE_FAMILY = "1,2";
			};
			name = Debug;
		};
		140EFE8A2E3CBC92007EA9DE /* Release */ = {
			isa = XCBuildConfiguration;
			buildSettings = {
				ASSETCATALOG_COMPILER_APPICON_NAME = AppIcon;
				ASSETCATALOG_COMPILER_GLOBAL_ACCENT_COLOR_NAME = AccentColor;
				CODE_SIGN_STYLE = Automatic;
				CURRENT_PROJECT_VERSION = 1;
				DEVELOPMENT_TEAM = 445TH93K8F;
				ENABLE_PREVIEWS = YES;
				GENERATE_INFOPLIST_FILE = YES;
				INFOPLIST_KEY_UIApplicationSceneManifest_Generation = YES;
				INFOPLIST_KEY_UIApplicationSupportsIndirectInputEvents = YES;
				INFOPLIST_KEY_UILaunchScreen_Generation = YES;
				INFOPLIST_KEY_UISupportedInterfaceOrientations_iPad = "UIInterfaceOrientationPortrait UIInterfaceOrientationPortraitUpsideDown UIInterfaceOrientationLandscapeLeft UIInterfaceOrientationLandscapeRight";
				INFOPLIST_KEY_UISupportedInterfaceOrientations_iPhone = "UIInterfaceOrientationPortrait UIInterfaceOrientationLandscapeLeft UIInterfaceOrientationLandscapeRight";
				LD_RUNPATH_SEARCH_PATHS = (
					"$(inherited)",
					"@executable_path/Frameworks",
				);
				MARKETING_VERSION = 1.0;
				PRODUCT_BUNDLE_IDENTIFIER = com.myorganization.DailyQuiz;
				PRODUCT_NAME = "$(TARGET_NAME)";
				SWIFT_EMIT_LOC_STRINGS = YES;
				SWIFT_VERSION = 5.0;
				TARGETED_DEVICE_FAMILY = "1,2";
			};
			name = Release;
		};
		140EFE8C2E3CBC92007EA9DE /* Debug */ = {
			isa = XCBuildConfiguration;
			buildSettings = {
				BUNDLE_LOADER = "$(TEST_HOST)";
				CODE_SIGN_STYLE = Automatic;
				CURRENT_PROJECT_VERSION = 1;
				DEVELOPMENT_TEAM = 445TH93K8F;
				GENERATE_INFOPLIST_FILE = YES;
				IPHONEOS_DEPLOYMENT_TARGET = 18.4;
				MARKETING_VERSION = 1.0;
				PRODUCT_BUNDLE_IDENTIFIER = com.myorganization.DailyQuizTests;
				PRODUCT_NAME = "$(TARGET_NAME)";
				SWIFT_EMIT_LOC_STRINGS = NO;
				SWIFT_VERSION = 5.0;
				TARGETED_DEVICE_FAMILY = "1,2";
				TEST_HOST = "$(BUILT_PRODUCTS_DIR)/DailyQuiz.app/$(BUNDLE_EXECUTABLE_FOLDER_PATH)/DailyQuiz";
			};
			name = Debug;
		};
		140EFE8D2E3CBC92007EA9DE /* Release */ = {
			isa = XCBuildConfiguration;
			buildSettings = {
				BUNDLE_LOADER = "$(TEST_HOST)";
				CODE_SIGN_STYLE = Automatic;
				CURRENT_PROJECT_VERSION = 1;
				DEVELOPMENT_TEAM = 445TH93K8F;
				GENERATE_INFOPLIST_FILE = YES;
				IPHONEOS_DEPLOYMENT_TARGET = 18.4;
				MARKETING_VERSION = 1.0;
				PRODUCT_BUNDLE_IDENTIFIER = com.myorganization.DailyQuizTests;
				PRODUCT_NAME = "$(TARGET_NAME)";
				SWIFT_EMIT_LOC_STRINGS = NO;
				SWIFT_VERSION = 5.0;
				TARGETED_DEVICE_FAMILY = "1,2";
				TEST_HOST = "$(BUILT_PRODUCTS_DIR)/DailyQuiz.app/$(BUNDLE_EXECUTABLE_FOLDER_PATH)/DailyQuiz";
			};
			name = Release;
		};
		140EFE8F2E3CBC92007EA9DE /* Debug */ = {
			isa = XCBuildConfiguration;
			buildSettings = {
				CODE_SIGN_STYLE = Automatic;
				CURRENT_PROJECT_VERSION = 1;
				DEVELOPMENT_TEAM = 445TH93K8F;
				GENERATE_INFOPLIST_FILE = YES;
				MARKETING_VERSION = 1.0;
				PRODUCT_BUNDLE_IDENTIFIER = com.myorganization.DailyQuizUITests;
				PRODUCT_NAME = "$(TARGET_NAME)";
				SWIFT_EMIT_LOC_STRINGS = NO;
				SWIFT_VERSION = 5.0;
				TARGETED_DEVICE_FAMILY = "1,2";
				TEST_TARGET_NAME = DailyQuiz;
			};
			name = Debug;
		};
		140EFE902E3CBC92007EA9DE /* Release */ = {
			isa = XCBuildConfiguration;
			buildSettings = {
				CODE_SIGN_STYLE = Automatic;
				CURRENT_PROJECT_VERSION = 1;
				DEVELOPMENT_TEAM = 445TH93K8F;
				GENERATE_INFOPLIST_FILE = YES;
				MARKETING_VERSION = 1.0;
				PRODUCT_BUNDLE_IDENTIFIER = com.myorganization.DailyQuizUITests;
				PRODUCT_NAME = "$(TARGET_NAME)";
				SWIFT_EMIT_LOC_STRINGS = NO;
				SWIFT_VERSION = 5.0;
				TARGETED_DEVICE_FAMILY = "1,2";
				TEST_TARGET_NAME = DailyQuiz;
			};
			name = Release;
		};
/* End XCBuildConfiguration section */

/* Begin XCConfigurationList section */
		140EFE622E3CBC91007EA9DE /* Build configuration list for PBXProject "DailyQuiz" */ = {
			isa = XCConfigurationList;
			buildConfigurations = (
				140EFE862E3CBC92007EA9DE /* Debug */,
				140EFE872E3CBC92007EA9DE /* Release */,
			);
			defaultConfigurationIsVisible = 0;
			defaultConfigurationName = Release;
		};
		140EFE882E3CBC92007EA9DE /* Build configuration list for PBXNativeTarget "DailyQuiz" */ = {
			isa = XCConfigurationList;
			buildConfigurations = (
				140EFE892E3CBC92007EA9DE /* Debug */,
				140EFE8A2E3CBC92007EA9DE /* Release */,
			);
			defaultConfigurationIsVisible = 0;
			defaultConfigurationName = Release;
		};
		140EFE8B2E3CBC92007EA9DE /* Build configuration list for PBXNativeTarget "DailyQuizTests" */ = {
			isa = XCConfigurationList;
			buildConfigurations = (
				140EFE8C2E3CBC92007EA9DE /* Debug */,
				140EFE8D2E3CBC92007EA9DE /* Release */,
			);
			defaultConfigurationIsVisible = 0;
			defaultConfigurationName = Release;
		};
		140EFE8E2E3CBC92007EA9DE /* Build configuration list for PBXNativeTarget "DailyQuizUITests" */ = {
			isa = XCConfigurationList;
			buildConfigurations = (
				140EFE8F2E3CBC92007EA9DE /* Debug */,
				140EFE902E3CBC92007EA9DE /* Release */,
			);
			defaultConfigurationIsVisible = 0;
			defaultConfigurationName = Release;
		};
/* End XCConfigurationList section */
	};
	rootObject = 140EFE5F2E3CBC91007EA9DE /* Project object */;
}
